Microsoft Visual Studio Solution File, Format Version 12.00
# Visual Studio Version 17
VisualStudioVersion = 17.5.2.0
MinimumVisualStudioVersion = 10.0.40219.1
Project("{FAE04EC0-301F-11D3-BF4B-00C04F79EFBC}") = "projeto-tarefas", "projeto-tarefas.csproj", "{2C914C08-DA38-75FD-3A18-D30F195367DD}"
EndProject
Global
	GlobalSection(SolutionConfigurationPlatforms) = preSolution
		Debug|Any CPU = Debug|Any CPU
		Release|Any CPU = Release|Any CPU
	EndGlobalSection
	GlobalSection(ProjectConfigurationPlatforms) = postSolution
		{2C914C08-DA38-75FD-3A18-D30F195367DD}.Debug|Any CPU.ActiveCfg = Debug|Any CPU
		{2C914C08-DA38-75FD-3A18-D30F195367DD}.Debug|Any CPU.Build.0 = Debug|Any CPU
		{2C914C08-DA38-75FD-3A18-D30F195367DD}.Release|Any CPU.ActiveCfg = Release|Any CPU
		{2C914C08-DA38-75FD-3A18-D30F195367DD}.Release|Any CPU.Build.0 = Release|Any CPU
	EndGlobalSection
	GlobalSection(SolutionProperties) = preSolution
		HideSolutionNode = FALSE
	EndGlobalSection
	GlobalSection(ExtensibilityGlobals) = postSolution
		SolutionGuid = {A68A3D79-0A34-4CD8-8D74-19F37541E9DE}
	EndGlobalSection
EndGlobal
